// !$*UTF8*$!
{
	archiveVersion = 1;
	classes = {
	};
	objectVersion = 48;
	objects = {

/* Begin PBXBuildFile section */
		7D71BE331FDA84FC003069B3 /* AVAssetResourceLoadingDataRequest+TTCategory.m in Sources */ = {isa = PBXBuildFile; fileRef = 7D71BE251FDA84FB003069B3 /* AVAssetResourceLoadingDataRequest+TTCategory.m */; };
		7D71BE341FDA84FC003069B3 /* TTReachabilityManager.m in Sources */ = {isa = PBXBuildFile; fileRef = 7D71BE281FDA84FB003069B3 /* TTReachabilityManager.m */; };
		7D71BE351FDA84FC003069B3 /* TTResourceLoaderCache.m in Sources */ = {isa = PBXBuildFile; fileRef = 7D71BE291FDA84FB003069B3 /* TTResourceLoaderCache.m */; };
		7D71BE361FDA84FC003069B3 /* TTReachability.m in Sources */ = {isa = PBXBuildFile; fileRef = 7D71BE2C1FDA84FB003069B3 /* TTReachability.m */; };
		7D71BE371FDA84FC003069B3 /* TTResourceLoaderData.m in Sources */ = {isa = PBXBuildFile; fileRef = 7D71BE311FDA84FB003069B3 /* TTResourceLoaderData.m */; };
		7D71BE381FDA84FC003069B3 /* TTResourceLoaderDelegate.m in Sources */ = {isa = PBXBuildFile; fileRef = 7D71BE321FDA84FB003069B3 /* TTResourceLoaderDelegate.m */; };
		7DCA9F6A1FD643EF00644A65 /* TTPlayerView.m in Sources */ = {isa = PBXBuildFile; fileRef = 7DCA9F691FD643EE00644A65 /* TTPlayerView.m */; };
		7DE434391FCD356900D8085F /* MainViewController.m in Sources */ = {isa = PBXBuildFile; fileRef = 7DE434381FCD356900D8085F /* MainViewController.m */; };
		7DE8E1C91FB3FBA0002E7BA6 /* AppDelegate.m in Sources */ = {isa = PBXBuildFile; fileRef = 7DE8E1C81FB3FBA0002E7BA6 /* AppDelegate.m */; };
		7DE8E1CC1FB3FBA0002E7BA6 /* ViewController.m in Sources */ = {isa = PBXBuildFile; fileRef = 7DE8E1CB1FB3FBA0002E7BA6 /* ViewController.m */; };
		7DE8E1CF1FB3FBA0002E7BA6 /* Main.storyboard in Resources */ = {isa = PBXBuildFile; fileRef = 7DE8E1CD1FB3FBA0002E7BA6 /* Main.storyboard */; };
		7DE8E1D11FB3FBA0002E7BA6 /* Assets.xcassets in Resources */ = {isa = PBXBuildFile; fileRef = 7DE8E1D01FB3FBA0002E7BA6 /* Assets.xcassets */; };
		7DE8E1D41FB3FBA0002E7BA6 /* LaunchScreen.storyboard in Resources */ = {isa = PBXBuildFile; fileRef = 7DE8E1D21FB3FBA0002E7BA6 /* LaunchScreen.storyboard */; };
		7DE8E1D71FB3FBA0002E7BA6 /* main.m in Sources */ = {isa = PBXBuildFile; fileRef = 7DE8E1D61FB3FBA0002E7BA6 /* main.m */; };
/* End PBXBuildFile section */

/* Begin PBXFileReference section */
		7D71BE251FDA84FB003069B3 /* AVAssetResourceLoadingDataRequest+TTCategory.m */ = {isa = PBXFileReference; fileEncoding = 4; lastKnownFileType = sourcecode.c.objc; path = "AVAssetResourceLoadingDataRequest+TTCategory.m"; sourceTree = "<group>"; };
		7D71BE261FDA84FB003069B3 /* TTResourceLoaderDelegate.h */ = {isa = PBXFileReference; fileEncoding = 4; lastKnownFileType = sourcecode.c.h; path = TTResourceLoaderDelegate.h; sourceTree = "<group>"; };
		7D71BE271FDA84FB003069B3 /* TTResourceLoaderData.h */ = {isa = PBXFileReference; fileEncoding = 4; lastKnownFileType = sourcecode.c.h; path = TTResourceLoaderData.h; sourceTree = "<group>"; };
		7D71BE281FDA84FB003069B3 /* TTReachabilityManager.m */ = {isa = PBXFileReference; fileEncoding = 4; lastKnownFileType = sourcecode.c.objc; path = TTReachabilityManager.m; sourceTree = "<group>"; };
		7D71BE291FDA84FB003069B3 /* TTResourceLoaderCache.m */ = {isa = PBXFileReference; fileEncoding = 4; lastKnownFileType = sourcecode.c.objc; path = TTResourceLoaderCache.m; sourceTree = "<group>"; };
		7D71BE2A1FDA84FB003069B3 /* TTPlayerCacheMacro.h */ = {isa = PBXFileReference; fileEncoding = 4; lastKnownFileType = sourcecode.c.h; path = TTPlayerCacheMacro.h; sourceTree = "<group>"; };
		7D71BE2C1FDA84FB003069B3 /* TTReachability.m */ = {isa = PBXFileReference; fileEncoding = 4; lastKnownFileType = sourcecode.c.objc; path = TTReachability.m; sourceTree = "<group>"; };
		7D71BE2D1FDA84FB003069B3 /* TTReachability.h */ = {isa = PBXFileReference; fileEncoding = 4; lastKnownFileType = sourcecode.c.h; path = TTReachability.h; sourceTree = "<group>"; };
		7D71BE2E1FDA84FB003069B3 /* AVAssetResourceLoadingDataRequest+TTCategory.h */ = {isa = PBXFileReference; fileEncoding = 4; lastKnownFileType = sourcecode.c.h; path = "AVAssetResourceLoadingDataRequest+TTCategory.h"; sourceTree = "<group>"; };
		7D71BE2F1FDA84FB003069B3 /* TTResourceLoaderCache.h */ = {isa = PBXFileReference; fileEncoding = 4; lastKnownFileType = sourcecode.c.h; path = TTResourceLoaderCache.h; sourceTree = "<group>"; };
		7D71BE301FDA84FB003069B3 /* TTReachabilityManager.h */ = {isa = PBXFileReference; fileEncoding = 4; lastKnownFileType = sourcecode.c.h; path = TTReachabilityManager.h; sourceTree = "<group>"; };
		7D71BE311FDA84FB003069B3 /* TTResourceLoaderData.m */ = {isa = PBXFileReference; fileEncoding = 4; lastKnownFileType = sourcecode.c.objc; path = TTResourceLoaderData.m; sourceTree = "<group>"; };
		7D71BE321FDA84FB003069B3 /* TTResourceLoaderDelegate.m */ = {isa = PBXFileReference; fileEncoding = 4; lastKnownFileType = sourcecode.c.objc; path = TTResourceLoaderDelegate.m; sourceTree = "<group>"; };
		7D71BE3A1FDE1788003069B3 /* TTPlayerCache.h */ = {isa = PBXFileReference; lastKnownFileType = sourcecode.c.h; path = TTPlayerCache.h; sourceTree = "<group>"; };
		7DCA9F681FD643EE00644A65 /* TTPlayerView.h */ = {isa = PBXFileReference; fileEncoding = 4; lastKnownFileType = sourcecode.c.h; path = TTPlayerView.h; sourceTree = "<group>"; };
		7DCA9F691FD643EE00644A65 /* TTPlayerView.m */ = {isa = PBXFileReference; fileEncoding = 4; lastKnownFileType = sourcecode.c.objc; path = TTPlayerView.m; sourceTree = "<group>"; };
		7DE434371FCD356900D8085F /* MainViewController.h */ = {isa = PBXFileReference; lastKnownFileType = sourcecode.c.h; path = MainViewController.h; sourceTree = "<group>"; };
		7DE434381FCD356900D8085F /* MainViewController.m */ = {isa = PBXFileReference; lastKnownFileType = sourcecode.c.objc; path = MainViewController.m; sourceTree = "<group>"; };
		7DE8E1C41FB3FBA0002E7BA6 /* TTPlayerCache.app */ = {isa = PBXFileReference; explicitFileType = wrapper.application; includeInIndex = 0; path = TTPlayerCache.app; sourceTree = BUILT_PRODUCTS_DIR; };
		7DE8E1C71FB3FBA0002E7BA6 /* AppDelegate.h */ = {isa = PBXFileReference; lastKnownFileType = sourcecode.c.h; path = AppDelegate.h; sourceTree = "<group>"; };
		7DE8E1C81FB3FBA0002E7BA6 /* AppDelegate.m */ = {isa = PBXFileReference; lastKnownFileType = sourcecode.c.objc; path = AppDelegate.m; sourceTree = "<group>"; };
		7DE8E1CA1FB3FBA0002E7BA6 /* ViewController.h */ = {isa = PBXFileReference; lastKnownFileType = sourcecode.c.h; path = ViewController.h; sourceTree = "<group>"; };
		7DE8E1CB1FB3FBA0002E7BA6 /* ViewController.m */ = {isa = PBXFileReference; lastKnownFileType = sourcecode.c.objc; path = ViewController.m; sourceTree = "<group>"; };
		7DE8E1CE1FB3FBA0002E7BA6 /* Base */ = {isa = PBXFileReference; lastKnownFileType = file.storyboard; name = Base; path = Base.lproj/Main.storyboard; sourceTree = "<group>"; };
		7DE8E1D01FB3FBA0002E7BA6 /* Assets.xcassets */ = {isa = PBXFileReference; lastKnownFileType = folder.assetcatalog; path = Assets.xcassets; sourceTree = "<group>"; };
		7DE8E1D31FB3FBA0002E7BA6 /* Base */ = {isa = PBXFileReference; lastKnownFileType = file.storyboard; name = Base; path = Base.lproj/LaunchScreen.storyboard; sourceTree = "<group>"; };
		7DE8E1D51FB3FBA0002E7BA6 /* Info.plist */ = {isa = PBXFileReference; lastKnownFileType = text.plist.xml; path = Info.plist; sourceTree = "<group>"; };
		7DE8E1D61FB3FBA0002E7BA6 /* main.m */ = {isa = PBXFileReference; lastKnownFileType = sourcecode.c.objc; path = main.m; sourceTree = "<group>"; };
/* End PBXFileReference section */

/* Begin PBXFrameworksBuildPhase section */
		7DE8E1C11FB3FBA0002E7BA6 /* Frameworks */ = {
			isa = PBXFrameworksBuildPhase;
			buildActionMask = 2147483647;
			files = (
			);
			runOnlyForDeploymentPostprocessing = 0;
		};
/* End PBXFrameworksBuildPhase section */

/* Begin PBXGroup section */
		6ADFF66844FE77F423D01DE8 /* Frameworks */ = {
			isa = PBXGroup;
			children = (
			);
			name = Frameworks;
			sourceTree = "<group>";
		};
		7D71BE231FDA84FB003069B3 /* Source */ = {
			isa = PBXGroup;
			children = (
				7D71BE241FDA84FB003069B3 /* TTPlayerCache */,
			);
			path = Source;
			sourceTree = SOURCE_ROOT;
		};
		7D71BE241FDA84FB003069B3 /* TTPlayerCache */ = {
			isa = PBXGroup;
			children = (
				7D71BE391FDA92BC003069B3 /* Category */,
				7D71BE2B1FDA84FB003069B3 /* Reachability */,
				7D71BE261FDA84FB003069B3 /* TTResourceLoaderDelegate.h */,
				7D71BE321FDA84FB003069B3 /* TTResourceLoaderDelegate.m */,
				7D71BE271FDA84FB003069B3 /* TTResourceLoaderData.h */,
				7D71BE311FDA84FB003069B3 /* TTResourceLoaderData.m */,
				7D71BE2F1FDA84FB003069B3 /* TTResourceLoaderCache.h */,
				7D71BE291FDA84FB003069B3 /* TTResourceLoaderCache.m */,
				7D71BE2A1FDA84FB003069B3 /* TTPlayerCacheMacro.h */,
				7D71BE3A1FDE1788003069B3 /* TTPlayerCache.h */,
			);
			path = TTPlayerCache;
			sourceTree = "<group>";
		};
		7D71BE2B1FDA84FB003069B3 /* Reachability */ = {
			isa = PBXGroup;
			children = (
				7D71BE2D1FDA84FB003069B3 /* TTReachability.h */,
				7D71BE2C1FDA84FB003069B3 /* TTReachability.m */,
				7D71BE301FDA84FB003069B3 /* TTReachabilityManager.h */,
				7D71BE281FDA84FB003069B3 /* TTReachabilityManager.m */,
			);
			path = Reachability;
			sourceTree = "<group>";
		};
		7D71BE391FDA92BC003069B3 /* Category */ = {
			isa = PBXGroup;
			children = (
				7D71BE2E1FDA84FB003069B3 /* AVAssetResourceLoadingDataRequest+TTCategory.h */,
				7D71BE251FDA84FB003069B3 /* AVAssetResourceLoadingDataRequest+TTCategory.m */,
			);
			path = Category;
			sourceTree = "<group>";
		};
		7DCA9F671FD643EE00644A65 /* TTPlayerView */ = {
			isa = PBXGroup;
			children = (
				7DCA9F681FD643EE00644A65 /* TTPlayerView.h */,
				7DCA9F691FD643EE00644A65 /* TTPlayerView.m */,
			);
			path = TTPlayerView;
			sourceTree = "<group>";
		};
		7DE8E1BB1FB3FB9F002E7BA6 = {
			isa = PBXGroup;
			children = (
				7DE8E1C61FB3FBA0002E7BA6 /* TTPlayerCache */,
				7DE8E1C51FB3FBA0002E7BA6 /* Products */,
				91D80A1DA54D12EF6BADA4BC /* Pods */,
				6ADFF66844FE77F423D01DE8 /* Frameworks */,
			);
			sourceTree = "<group>";
		};
		7DE8E1C51FB3FBA0002E7BA6 /* Products */ = {
			isa = PBXGroup;
			children = (
				7DE8E1C41FB3FBA0002E7BA6 /* TTPlayerCache.app */,
			);
			name = Products;
			sourceTree = "<group>";
		};
		7DE8E1C61FB3FBA0002E7BA6 /* TTPlayerCache */ = {
			isa = PBXGroup;
			children = (
				7D71BE231FDA84FB003069B3 /* Source */,
				7DCA9F671FD643EE00644A65 /* TTPlayerView */,
				7DE8E1C71FB3FBA0002E7BA6 /* AppDelegate.h */,
				7DE8E1C81FB3FBA0002E7BA6 /* AppDelegate.m */,
				7DE434371FCD356900D8085F /* MainViewController.h */,
				7DE434381FCD356900D8085F /* MainViewController.m */,
				7DE8E1CA1FB3FBA0002E7BA6 /* ViewController.h */,
				7DE8E1CB1FB3FBA0002E7BA6 /* ViewController.m */,
				7DE8E1CD1FB3FBA0002E7BA6 /* Main.storyboard */,
				7DE8E1D01FB3FBA0002E7BA6 /* Assets.xcassets */,
				7DE8E1D21FB3FBA0002E7BA6 /* LaunchScreen.storyboard */,
				7DE8E1D51FB3FBA0002E7BA6 /* Info.plist */,
				7DE8E1D61FB3FBA0002E7BA6 /* main.m */,
			);
			path = TTPlayerCache;
			sourceTree = "<group>";
		};
		91D80A1DA54D12EF6BADA4BC /* Pods */ = {
			isa = PBXGroup;
			children = (
			);
			name = Pods;
			sourceTree = "<group>";
		};
/* End PBXGroup section */

/* Begin PBXNativeTarget section */
		7DE8E1C31FB3FBA0002E7BA6 /* TTPlayerCache */ = {
			isa = PBXNativeTarget;
			buildConfigurationList = 7DE8E1DA1FB3FBA0002E7BA6 /* Build configuration list for PBXNativeTarget "TTPlayerCache" */;
			buildPhases = (
				7DE8E1C01FB3FBA0002E7BA6 /* Sources */,
				7DE8E1C11FB3FBA0002E7BA6 /* Frameworks */,
				7DE8E1C21FB3FBA0002E7BA6 /* Resources */,
			);
			buildRules = (
			);
			dependencies = (
			);
			name = TTPlayerCache;
			productName = TTPlayerCache;
			productReference = 7DE8E1C41FB3FBA0002E7BA6 /* TTPlayerCache.app */;
			productType = "com.apple.product-type.application";
		};
/* End PBXNativeTarget section */

/* Begin PBXProject section */
		7DE8E1BC1FB3FB9F002E7BA6 /* Project object */ = {
			isa = PBXProject;
			attributes = {
				LastUpgradeCheck = 0900;
				ORGANIZATIONNAME = szt;
				TargetAttributes = {
					7DE8E1C31FB3FBA0002E7BA6 = {
						CreatedOnToolsVersion = 9.0.1;
						ProvisioningStyle = Automatic;
					};
				};
			};
			buildConfigurationList = 7DE8E1BF1FB3FB9F002E7BA6 /* Build configuration list for PBXProject "TTPlayerCache" */;
			compatibilityVersion = "Xcode 8.0";
			developmentRegion = en;
			hasScannedForEncodings = 0;
			knownRegions = (
				en,
				Base,
			);
			mainGroup = 7DE8E1BB1FB3FB9F002E7BA6;
			productRefGroup = 7DE8E1C51FB3FBA0002E7BA6 /* Products */;
			projectDirPath = "";
			projectRoot = "";
			targets = (
				7DE8E1C31FB3FBA0002E7BA6 /* TTPlayerCache */,
			);
		};
/* End PBXProject section */

/* Begin PBXResourcesBuildPhase section */
		7DE8E1C21FB3FBA0002E7BA6 /* Resources */ = {
			isa = PBXResourcesBuildPhase;
			buildActionMask = 2147483647;
			files = (
				7DE8E1D41FB3FBA0002E7BA6 /* LaunchScreen.storyboard in Resources */,
				7DE8E1D11FB3FBA0002E7BA6 /* Assets.xcassets in Resources */,
				7DE8E1CF1FB3FBA0002E7BA6 /* Main.storyboard in Resources */,
			);
			runOnlyForDeploymentPostprocessing = 0;
		};
/* End PBXResourcesBuildPhase section */

/* Begin PBXSourcesBuildPhase section */
		7DE8E1C01FB3FBA0002E7BA6 /* Sources */ = {
			isa = PBXSourcesBuildPhase;
			buildActionMask = 2147483647;
			files = (
				7D71BE331FDA84FC003069B3 /* AVAssetResourceLoadingDataRequest+TTCategory.m in Sources */,
				7DE8E1CC1FB3FBA0002E7BA6 /* ViewController.m in Sources */,
				7D71BE371FDA84FC003069B3 /* TTResourceLoaderData.m in Sources */,
				7DE8E1D71FB3FBA0002E7BA6 /* main.m in Sources */,
				7DE434391FCD356900D8085F /* MainViewController.m in Sources */,
				7DE8E1C91FB3FBA0002E7BA6 /* AppDelegate.m in Sources */,
				7D71BE351FDA84FC003069B3 /* TTResourceLoaderCache.m in Sources */,
				7D71BE341FDA84FC003069B3 /* TTReachabilityManager.m in Sources */,
				7D71BE361FDA84FC003069B3 /* TTReachability.m in Sources */,
				7D71BE381FDA84FC003069B3 /* TTResourceLoaderDelegate.m in Sources */,
				7DCA9F6A1FD643EF00644A65 /* TTPlayerView.m in Sources */,
			);
			runOnlyForDeploymentPostprocessing = 0;
		};
/* End PBXSourcesBuildPhase section */

/* Begin PBXVariantGroup section */
		7DE8E1CD1FB3FBA0002E7BA6 /* Main.storyboard */ = {
			isa = PBXVariantGroup;
			children = (
				7DE8E1CE1FB3FBA0002E7BA6 /* Base */,
			);
			name = Main.storyboard;
			sourceTree = "<group>";
		};
		7DE8E1D21FB3FBA0002E7BA6 /* LaunchScreen.storyboard */ = {
			isa = PBXVariantGroup;
			children = (
				7DE8E1D31FB3FBA0002E7BA6 /* Base */,
			);
			name = LaunchScreen.storyboard;
			sourceTree = "<group>";
		};
/* End PBXVariantGroup section */

/* Begin XCBuildConfiguration section */
		7DE8E1D81FB3FBA0002E7BA6 /* Debug */ = {
			isa = XCBuildConfiguration;
			buildSettings = {
				ALWAYS_SEARCH_USER_PATHS = NO;
				CLANG_ANALYZER_NONNULL = YES;
				CLANG_ANALYZER_NUMBER_OBJECT_CONVERSION = YES_AGGRESSIVE;
				CLANG_CXX_LANGUAGE_STANDARD = "gnu++14";
				CLANG_CXX_LIBRARY = "libc++";
				CLANG_ENABLE_MODULES = YES;
				CLANG_ENABLE_OBJC_ARC = YES;
				CLANG_WARN_BLOCK_CAPTURE_AUTORELEASING = YES;
				CLANG_WARN_BOOL_CONVERSION = YES;
				CLANG_WARN_COMMA = YES;
				CLANG_WARN_CONSTANT_CONVERSION = YES;
				CLANG_WARN_DIRECT_OBJC_ISA_USAGE = YES_ERROR;
				CLANG_WARN_DOCUMENTATION_COMMENTS = YES;
				CLANG_WARN_EMPTY_BODY = YES;
				CLANG_WARN_ENUM_CONVERSION = YES;
				CLANG_WARN_INFINITE_RECURSION = YES;
				CLANG_WARN_INT_CONVERSION = YES;
				CLANG_WARN_NON_LITERAL_NULL_CONVERSION = YES;
				CLANG_WARN_OBJC_LITERAL_CONVERSION = YES;
				CLANG_WARN_OBJC_ROOT_CLASS = YES_ERROR;
				CLANG_WARN_RANGE_LOOP_ANALYSIS = YES;
				CLANG_WARN_STRICT_PROTOTYPES = YES;
				CLANG_WARN_SUSPICIOUS_MOVE = YES;
				CLANG_WARN_UNGUARDED_AVAILABILITY = YES_AGGRESSIVE;
				CLANG_WARN_UNREACHABLE_CODE = YES;
				CLANG_WARN__DUPLICATE_METHOD_MATCH = YES;
				CODE_SIGN_IDENTITY = "iPhone Developer";
				COPY_PHASE_STRIP = NO;
				DEBUG_INFORMATION_FORMAT = dwarf;
				ENABLE_STRICT_OBJC_MSGSEND = YES;
				ENABLE_TESTABILITY = YES;
				GCC_C_LANGUAGE_STANDARD = gnu11;
				GCC_DYNAMIC_NO_PIC = NO;
				GCC_NO_COMMON_BLOCKS = YES;
				GCC_OPTIMIZATION_LEVEL = 0;
				GCC_PREPROCESSOR_DEFINITIONS = (
					"DEBUG=1",
					"$(inherited)",
				);
				GCC_WARN_64_TO_32_BIT_CONVERSION = YES;
				GCC_WARN_ABOUT_RETURN_TYPE = YES_ERROR;
				GCC_WARN_UNDECLARED_SELECTOR = YES;
				GCC_WARN_UNINITIALIZED_AUTOS = YES_AGGRESSIVE;
				GCC_WARN_UNUSED_FUNCTION = YES;
				GCC_WARN_UNUSED_VARIABLE = YES;
				IPHONEOS_DEPLOYMENT_TARGET = 11.0;
				MTL_ENABLE_DEBUG_INFO = YES;
				ONLY_ACTIVE_ARCH = YES;
				SDKROOT = iphoneos;
			};
			name = Debug;
		};
		7DE8E1D91FB3FBA0002E7BA6 /* Release */ = {
			isa = XCBuildConfiguration;
			buildSettings = {
				ALWAYS_SEARCH_USER_PATHS = NO;
				CLANG_ANALYZER_NONNULL = YES;
				CLANG_ANALYZER_NUMBER_OBJECT_CONVERSION = YES_AGGRESSIVE;
				CLANG_CXX_LANGUAGE_STANDARD = "gnu++14";
				CLANG_CXX_LIBRARY = "libc++";
				CLANG_ENABLE_MODULES = YES;
				CLANG_ENABLE_OBJC_ARC = YES;
				CLANG_WARN_BLOCK_CAPTURE_AUTORELEASING = YES;
				CLANG_WARN_BOOL_CONVERSION = YES;
				CLANG_WARN_COMMA = YES;
				CLANG_WARN_CONSTANT_CONVERSION = YES;
				CLANG_WARN_DIRECT_OBJC_ISA_USAGE = YES_ERROR;
				CLANG_WARN_DOCUMENTATION_COMMENTS = YES;
				CLANG_WARN_EMPTY_BODY = YES;
				CLANG_WARN_ENUM_CONVERSION = YES;
				CLANG_WARN_INFINITE_RECURSION = YES;
				CLANG_WARN_INT_CONVERSION = YES;
				CLANG_WARN_NON_LITERAL_NULL_CONVERSION = YES;
				CLANG_WARN_OBJC_LITERAL_CONVERSION = YES;
				CLANG_WARN_OBJC_ROOT_CLASS = YES_ERROR;
				CLANG_WARN_RANGE_LOOP_ANALYSIS = YES;
				CLANG_WARN_STRICT_PROTOTYPES = YES;
				CLANG_WARN_SUSPICIOUS_MOVE = YES;
				CLANG_WARN_UNGUARDED_AVAILABILITY = YES_AGGRESSIVE;
				CLANG_WARN_UNREACHABLE_CODE = YES;
				CLANG_WARN__DUPLICATE_METHOD_MATCH = YES;
				CODE_SIGN_IDENTITY = "iPhone Developer";
				COPY_PHASE_STRIP = NO;
				DEBUG_INFORMATION_FORMAT = "dwarf-with-dsym";
				ENABLE_NS_ASSERTIONS = NO;
				ENABLE_STRICT_OBJC_MSGSEND = YES;
				GCC_C_LANGUAGE_STANDARD = gnu11;
				GCC_NO_COMMON_BLOCKS = YES;
				GCC_WARN_64_TO_32_BIT_CONVERSION = YES;
				GCC_WARN_ABOUT_RETURN_TYPE = YES_ERROR;
				GCC_WARN_UNDECLARED_SELECTOR = YES;
				GCC_WARN_UNINITIALIZED_AUTOS = YES_AGGRESSIVE;
				GCC_WARN_UNUSED_FUNCTION = YES;
				GCC_WARN_UNUSED_VARIABLE = YES;
				IPHONEOS_DEPLOYMENT_TARGET = 11.0;
				MTL_ENABLE_DEBUG_INFO = NO;
				SDKROOT = iphoneos;
				VALIDATE_PRODUCT = YES;
			};
			name = Release;
		};
		7DE8E1DB1FB3FBA0002E7BA6 /* Debug */ = {
			isa = XCBuildConfiguration;
			buildSettings = {
				ASSETCATALOG_COMPILER_APPICON_NAME = AppIcon;
				"CODE_SIGN_IDENTITY[sdk=iphoneos*]" = "iPhone Developer";
				CODE_SIGN_STYLE = Automatic;
				DEVELOPMENT_TEAM = "";
				INFOPLIST_FILE = TTPlayerCache/Info.plist;
				IPHONEOS_DEPLOYMENT_TARGET = 8;
				LD_RUNPATH_SEARCH_PATHS = "$(inherited) @executable_path/Frameworks";
				PRODUCT_BUNDLE_IDENTIFIER = com.sun.TTPlayerCache;
				PRODUCT_NAME = "$(TARGET_NAME)";
				PROVISIONING_PROFILE = "";
				PROVISIONING_PROFILE_SPECIFIER = "";
				TARGETED_DEVICE_FAMILY = "1,2";
			};
			name = Debug;
		};
		7DE8E1DC1FB3FBA0002E7BA6 /* Release */ = {
			isa = XCBuildConfiguration;
			buildSettings = {
				ASSETCATALOG_COMPILER_APPICON_NAME = AppIcon;
				"CODE_SIGN_IDENTITY[sdk=iphoneos*]" = "iPhone Developer";
				CODE_SIGN_STYLE = Automatic;
				DEVELOPMENT_TEAM = "";
				INFOPLIST_FILE = TTPlayerCache/Info.plist;
				IPHONEOS_DEPLOYMENT_TARGET = 8;
				LD_RUNPATH_SEARCH_PATHS = "$(inherited) @executable_path/Frameworks";
				PRODUCT_BUNDLE_IDENTIFIER = com.sun.TTPlayerCache;
				PRODUCT_NAME = "$(TARGET_NAME)";
				PROVISIONING_PROFILE = "";
				PROVISIONING_PROFILE_SPECIFIER = "";
				TARGETED_DEVICE_FAMILY = "1,2";
			};
			name = Release;
		};
/* End XCBuildConfiguration section */

/* Begin XCConfigurationList section */
		7DE8E1BF1FB3FB9F002E7BA6 /* Build configuration list for PBXProject "TTPlayerCache" */ = {
			isa = XCConfigurationList;
			buildConfigurations = (
				7DE8E1D81FB3FBA0002E7BA6 /* Debug */,
				7DE8E1D91FB3FBA0002E7BA6 /* Release */,
			);
			defaultConfigurationIsVisible = 0;
			defaultConfigurationName = Release;
		};
		7DE8E1DA1FB3FBA0002E7BA6 /* Build configuration list for PBXNativeTarget "TTPlayerCache" */ = {
			isa = XCConfigurationList;
			buildConfigurations = (
				7DE8E1DB1FB3FBA0002E7BA6 /* Debug */,
				7DE8E1DC1FB3FBA0002E7BA6 /* Release */,
			);
			defaultConfigurationIsVisible = 0;
			defaultConfigurationName = Release;
		};
/* End XCConfigurationList section */
	};
	rootObject = 7DE8E1BC1FB3FB9F002E7BA6 /* Project object */;
}
